// !$*UTF8*$!
{
	archiveVersion = 1;
	classes = {
	};
	objectVersion = 50;
	objects = {

/* Begin PBXBuildFile section */
		856A057A2133373D00CEFCC5 /* AppDelegate.swift in Sources */ = {isa = PBXBuildFile; fileRef = 856A05792133373D00CEFCC5 /* AppDelegate.swift */; };
		856A057C2133373D00CEFCC5 /* ViewController.swift in Sources */ = {isa = PBXBuildFile; fileRef = 856A057B2133373D00CEFCC5 /* ViewController.swift */; };
		856A057E2133374100CEFCC5 /* Assets.xcassets in Resources */ = {isa = PBXBuildFile; fileRef = 856A057D2133374100CEFCC5 /* Assets.xcassets */; };
		856A05812133374100CEFCC5 /* Main.storyboard in Resources */ = {isa = PBXBuildFile; fileRef = 856A057F2133374100CEFCC5 /* Main.storyboard */; };
		856A058D2133374200CEFCC5 /* ScrobbleTests.swift in Sources */ = {isa = PBXBuildFile; fileRef = 856A058C2133374200CEFCC5 /* ScrobbleTests.swift */; };
		856A05982133374200CEFCC5 /* ScrobbleUITests.swift in Sources */ = {isa = PBXBuildFile; fileRef = 856A05972133374200CEFCC5 /* ScrobbleUITests.swift */; };
		856A05AC2136256200CEFCC5 /* API.swift in Sources */ = {isa = PBXBuildFile; fileRef = 856A05AB2136256200CEFCC5 /* API.swift */; };
/* End PBXBuildFile section */

/* Begin PBXContainerItemProxy section */
		856A05892133374200CEFCC5 /* PBXContainerItemProxy */ = {
			isa = PBXContainerItemProxy;
			containerPortal = 856A056E2133373D00CEFCC5 /* Project object */;
			proxyType = 1;
			remoteGlobalIDString = 856A05752133373D00CEFCC5;
			remoteInfo = Scrobble;
		};
		856A05942133374200CEFCC5 /* PBXContainerItemProxy */ = {
			isa = PBXContainerItemProxy;
			containerPortal = 856A056E2133373D00CEFCC5 /* Project object */;
			proxyType = 1;
			remoteGlobalIDString = 856A05752133373D00CEFCC5;
			remoteInfo = Scrobble;
		};
/* End PBXContainerItemProxy section */

/* Begin PBXFileReference section */
		856A05762133373D00CEFCC5 /* Scrobble.app */ = {isa = PBXFileReference; explicitFileType = wrapper.application; includeInIndex = 0; path = Scrobble.app; sourceTree = BUILT_PRODUCTS_DIR; };
		856A05792133373D00CEFCC5 /* AppDelegate.swift */ = {isa = PBXFileReference; lastKnownFileType = sourcecode.swift; path = AppDelegate.swift; sourceTree = "<group>"; };
		856A057B2133373D00CEFCC5 /* ViewController.swift */ = {isa = PBXFileReference; lastKnownFileType = sourcecode.swift; path = ViewController.swift; sourceTree = "<group>"; };
		856A057D2133374100CEFCC5 /* Assets.xcassets */ = {isa = PBXFileReference; lastKnownFileType = folder.assetcatalog; path = Assets.xcassets; sourceTree = "<group>"; };
		856A05802133374100CEFCC5 /* Base */ = {isa = PBXFileReference; lastKnownFileType = file.storyboard; name = Base; path = Base.lproj/Main.storyboard; sourceTree = "<group>"; };
		856A05822133374100CEFCC5 /* Info.plist */ = {isa = PBXFileReference; lastKnownFileType = text.plist.xml; path = Info.plist; sourceTree = "<group>"; };
		856A05882133374100CEFCC5 /* ScrobbleTests.xctest */ = {isa = PBXFileReference; explicitFileType = wrapper.cfbundle; includeInIndex = 0; path = ScrobbleTests.xctest; sourceTree = BUILT_PRODUCTS_DIR; };
		856A058C2133374200CEFCC5 /* ScrobbleTests.swift */ = {isa = PBXFileReference; lastKnownFileType = sourcecode.swift; path = ScrobbleTests.swift; sourceTree = "<group>"; };
		856A058E2133374200CEFCC5 /* Info.plist */ = {isa = PBXFileReference; lastKnownFileType = text.plist.xml; path = Info.plist; sourceTree = "<group>"; };
		856A05932133374200CEFCC5 /* ScrobbleUITests.xctest */ = {isa = PBXFileReference; explicitFileType = wrapper.cfbundle; includeInIndex = 0; path = ScrobbleUITests.xctest; sourceTree = BUILT_PRODUCTS_DIR; };
		856A05972133374200CEFCC5 /* ScrobbleUITests.swift */ = {isa = PBXFileReference; lastKnownFileType = sourcecode.swift; path = ScrobbleUITests.swift; sourceTree = "<group>"; };
		856A05992133374200CEFCC5 /* Info.plist */ = {isa = PBXFileReference; lastKnownFileType = text.plist.xml; path = Info.plist; sourceTree = "<group>"; };
		856A05A92133AFBE00CEFCC5 /* Scrobble.entitlements */ = {isa = PBXFileReference; lastKnownFileType = text.plist.entitlements; path = Scrobble.entitlements; sourceTree = "<group>"; };
		856A05AA2134583900CEFCC5 /* Scrobble-Bridging-Header.h */ = {isa = PBXFileReference; lastKnownFileType = sourcecode.c.h; path = "Scrobble-Bridging-Header.h"; sourceTree = "<group>"; };
		856A05AB2136256200CEFCC5 /* API.swift */ = {isa = PBXFileReference; lastKnownFileType = sourcecode.swift; path = API.swift; sourceTree = "<group>"; };
/* End PBXFileReference section */

/* Begin PBXFrameworksBuildPhase section */
		856A05732133373D00CEFCC5 /* Frameworks */ = {
			isa = PBXFrameworksBuildPhase;
			buildActionMask = 2147483647;
			files = (
			);
			runOnlyForDeploymentPostprocessing = 0;
		};
		856A05852133374100CEFCC5 /* Frameworks */ = {
			isa = PBXFrameworksBuildPhase;
			buildActionMask = 2147483647;
			files = (
			);
			runOnlyForDeploymentPostprocessing = 0;
		};
		856A05902133374200CEFCC5 /* Frameworks */ = {
			isa = PBXFrameworksBuildPhase;
			buildActionMask = 2147483647;
			files = (
			);
			runOnlyForDeploymentPostprocessing = 0;
		};
/* End PBXFrameworksBuildPhase section */

/* Begin PBXGroup section */
		856A056D2133373D00CEFCC5 = {
			isa = PBXGroup;
			children = (
				856A05782133373D00CEFCC5 /* Scrobble */,
				856A058B2133374200CEFCC5 /* ScrobbleTests */,
				856A05962133374200CEFCC5 /* ScrobbleUITests */,
				856A05772133373D00CEFCC5 /* Products */,
			);
			sourceTree = "<group>";
		};
		856A05772133373D00CEFCC5 /* Products */ = {
			isa = PBXGroup;
			children = (
				856A05762133373D00CEFCC5 /* Scrobble.app */,
				856A05882133374100CEFCC5 /* ScrobbleTests.xctest */,
				856A05932133374200CEFCC5 /* ScrobbleUITests.xctest */,
			);
			name = Products;
			sourceTree = "<group>";
		};
		856A05782133373D00CEFCC5 /* Scrobble */ = {
			isa = PBXGroup;
			children = (
				856A05792133373D00CEFCC5 /* AppDelegate.swift */,
				856A057B2133373D00CEFCC5 /* ViewController.swift */,
				856A057D2133374100CEFCC5 /* Assets.xcassets */,
				856A057F2133374100CEFCC5 /* Main.storyboard */,
				856A05822133374100CEFCC5 /* Info.plist */,
				856A05A92133AFBE00CEFCC5 /* Scrobble.entitlements */,
				856A05AA2134583900CEFCC5 /* Scrobble-Bridging-Header.h */,
				856A05AB2136256200CEFCC5 /* API.swift */,
			);
			path = Scrobble;
			sourceTree = "<group>";
		};
		856A058B2133374200CEFCC5 /* ScrobbleTests */ = {
			isa = PBXGroup;
			children = (
				856A058C2133374200CEFCC5 /* ScrobbleTests.swift */,
				856A058E2133374200CEFCC5 /* Info.plist */,
			);
			path = ScrobbleTests;
			sourceTree = "<group>";
		};
		856A05962133374200CEFCC5 /* ScrobbleUITests */ = {
			isa = PBXGroup;
			children = (
				856A05972133374200CEFCC5 /* ScrobbleUITests.swift */,
				856A05992133374200CEFCC5 /* Info.plist */,
			);
			path = ScrobbleUITests;
			sourceTree = "<group>";
		};
/* End PBXGroup section */

/* Begin PBXNativeTarget section */
		856A05752133373D00CEFCC5 /* Scrobble */ = {
			isa = PBXNativeTarget;
			buildConfigurationList = 856A059C2133374200CEFCC5 /* Build configuration list for PBXNativeTarget "Scrobble" */;
			buildPhases = (
				856A05722133373D00CEFCC5 /* Sources */,
				856A05732133373D00CEFCC5 /* Frameworks */,
				856A05742133373D00CEFCC5 /* Resources */,
			);
			buildRules = (
			);
			dependencies = (
			);
			name = Scrobble;
			productName = Scrobble;
			productReference = 856A05762133373D00CEFCC5 /* Scrobble.app */;
			productType = "com.apple.product-type.application";
		};
		856A05872133374100CEFCC5 /* ScrobbleTests */ = {
			isa = PBXNativeTarget;
			buildConfigurationList = 856A059F2133374200CEFCC5 /* Build configuration list for PBXNativeTarget "ScrobbleTests" */;
			buildPhases = (
				856A05842133374100CEFCC5 /* Sources */,
				856A05852133374100CEFCC5 /* Frameworks */,
				856A05862133374100CEFCC5 /* Resources */,
			);
			buildRules = (
			);
			dependencies = (
				856A058A2133374200CEFCC5 /* PBXTargetDependency */,
			);
			name = ScrobbleTests;
			productName = ScrobbleTests;
			productReference = 856A05882133374100CEFCC5 /* ScrobbleTests.xctest */;
			productType = "com.apple.product-type.bundle.unit-test";
		};
		856A05922133374200CEFCC5 /* ScrobbleUITests */ = {
			isa = PBXNativeTarget;
			buildConfigurationList = 856A05A22133374200CEFCC5 /* Build configuration list for PBXNativeTarget "ScrobbleUITests" */;
			buildPhases = (
				856A058F2133374200CEFCC5 /* Sources */,
				856A05902133374200CEFCC5 /* Frameworks */,
				856A05912133374200CEFCC5 /* Resources */,
			);
			buildRules = (
			);
			dependencies = (
				856A05952133374200CEFCC5 /* PBXTargetDependency */,
			);
			name = ScrobbleUITests;
			productName = ScrobbleUITests;
			productReference = 856A05932133374200CEFCC5 /* ScrobbleUITests.xctest */;
			productType = "com.apple.product-type.bundle.ui-testing";
		};
/* End PBXNativeTarget section */

/* Begin PBXProject section */
		856A056E2133373D00CEFCC5 /* Project object */ = {
			isa = PBXProject;
			attributes = {
				LastSwiftUpdateCheck = 0940;
				LastUpgradeCheck = 0940;
				ORGANIZATIONNAME = "Nishanth Shanmugham";
				TargetAttributes = {
					856A05752133373D00CEFCC5 = {
						CreatedOnToolsVersion = 9.4;
						LastSwiftMigration = 1140;
						SystemCapabilities = {
							com.apple.Sandbox = {
								enabled = 0;
							};
						};
					};
					856A05872133374100CEFCC5 = {
						CreatedOnToolsVersion = 9.4;
						LastSwiftMigration = 1140;
						TestTargetID = 856A05752133373D00CEFCC5;
					};
					856A05922133374200CEFCC5 = {
						CreatedOnToolsVersion = 9.4;
						LastSwiftMigration = 1140;
						TestTargetID = 856A05752133373D00CEFCC5;
					};
				};
			};
			buildConfigurationList = 856A05712133373D00CEFCC5 /* Build configuration list for PBXProject "Scrobble" */;
			compatibilityVersion = "Xcode 9.3";
			developmentRegion = en;
			hasScannedForEncodings = 0;
			knownRegions = (
				en,
				Base,
			);
			mainGroup = 856A056D2133373D00CEFCC5;
			productRefGroup = 856A05772133373D00CEFCC5 /* Products */;
			projectDirPath = "";
			projectRoot = "";
			targets = (
				856A05752133373D00CEFCC5 /* Scrobble */,
				856A05872133374100CEFCC5 /* ScrobbleTests */,
				856A05922133374200CEFCC5 /* ScrobbleUITests */,
			);
		};
/* End PBXProject section */

/* Begin PBXResourcesBuildPhase section */
		856A05742133373D00CEFCC5 /* Resources */ = {
			isa = PBXResourcesBuildPhase;
			buildActionMask = 2147483647;
			files = (
				856A057E2133374100CEFCC5 /* Assets.xcassets in Resources */,
				856A05812133374100CEFCC5 /* Main.storyboard in Resources */,
			);
			runOnlyForDeploymentPostprocessing = 0;
		};
		856A05862133374100CEFCC5 /* Resources */ = {
			isa = PBXResourcesBuildPhase;
			buildActionMask = 2147483647;
			files = (
			);
			runOnlyForDeploymentPostprocessing = 0;
		};
		856A05912133374200CEFCC5 /* Resources */ = {
			isa = PBXResourcesBuildPhase;
			buildActionMask = 2147483647;
			files = (
			);
			runOnlyForDeploymentPostprocessing = 0;
		};
/* End PBXResourcesBuildPhase section */

/* Begin PBXSourcesBuildPhase section */
		856A05722133373D00CEFCC5 /* Sources */ = {
			isa = PBXSourcesBuildPhase;
			buildActionMask = 2147483647;
			files = (
				856A057C2133373D00CEFCC5 /* ViewController.swift in Sources */,
				856A05AC2136256200CEFCC5 /* API.swift in Sources */,
				856A057A2133373D00CEFCC5 /* AppDelegate.swift in Sources */,
			);
			runOnlyForDeploymentPostprocessing = 0;
		};
		856A05842133374100CEFCC5 /* Sources */ = {
			isa = PBXSourcesBuildPhase;
			buildActionMask = 2147483647;
			files = (
				856A058D2133374200CEFCC5 /* ScrobbleTests.swift in Sources */,
			);
			runOnlyForDeploymentPostprocessing = 0;
		};
		856A058F2133374200CEFCC5 /* Sources */ = {
			isa = PBXSourcesBuildPhase;
			buildActionMask = 2147483647;
			files = (
				856A05982133374200CEFCC5 /* ScrobbleUITests.swift in Sources */,
			);
			runOnlyForDeploymentPostprocessing = 0;
		};
/* End PBXSourcesBuildPhase section */

/* Begin PBXTargetDependency section */
		856A058A2133374200CEFCC5 /* PBXTargetDependency */ = {
			isa = PBXTargetDependency;
			target = 856A05752133373D00CEFCC5 /* Scrobble */;
			targetProxy = 856A05892133374200CEFCC5 /* PBXContainerItemProxy */;
		};
		856A05952133374200CEFCC5 /* PBXTargetDependency */ = {
			isa = PBXTargetDependency;
			target = 856A05752133373D00CEFCC5 /* Scrobble */;
			targetProxy = 856A05942133374200CEFCC5 /* PBXContainerItemProxy */;
		};
/* End PBXTargetDependency section */

/* Begin PBXVariantGroup section */
		856A057F2133374100CEFCC5 /* Main.storyboard */ = {
			isa = PBXVariantGroup;
			children = (
				856A05802133374100CEFCC5 /* Base */,
			);
			name = Main.storyboard;
			sourceTree = "<group>";
		};
/* End PBXVariantGroup section */

/* Begin XCBuildConfiguration section */
		856A059A2133374200CEFCC5 /* Debug */ = {
			isa = XCBuildConfiguration;
			buildSettings = {
				ALWAYS_SEARCH_USER_PATHS = NO;
				CLANG_ANALYZER_NONNULL = YES;
				CLANG_ANALYZER_NUMBER_OBJECT_CONVERSION = YES_AGGRESSIVE;
				CLANG_CXX_LANGUAGE_STANDARD = "gnu++14";
				CLANG_CXX_LIBRARY = "libc++";
				CLANG_ENABLE_MODULES = YES;
				CLANG_ENABLE_OBJC_ARC = YES;
				CLANG_ENABLE_OBJC_WEAK = YES;
				CLANG_WARN_BLOCK_CAPTURE_AUTORELEASING = YES;
				CLANG_WARN_BOOL_CONVERSION = YES;
				CLANG_WARN_COMMA = YES;
				CLANG_WARN_CONSTANT_CONVERSION = YES;
				CLANG_WARN_DEPRECATED_OBJC_IMPLEMENTATIONS = YES;
				CLANG_WARN_DIRECT_OBJC_ISA_USAGE = YES_ERROR;
				CLANG_WARN_DOCUMENTATION_COMMENTS = YES;
				CLANG_WARN_EMPTY_BODY = YES;
				CLANG_WARN_ENUM_CONVERSION = YES;
				CLANG_WARN_INFINITE_RECURSION = YES;
				CLANG_WARN_INT_CONVERSION = YES;
				CLANG_WARN_NON_LITERAL_NULL_CONVERSION = YES;
				CLANG_WARN_OBJC_IMPLICIT_RETAIN_SELF = YES;
				CLANG_WARN_OBJC_LITERAL_CONVERSION = YES;
				CLANG_WARN_OBJC_ROOT_CLASS = YES_ERROR;
				CLANG_WARN_RANGE_LOOP_ANALYSIS = YES;
				CLANG_WARN_STRICT_PROTOTYPES = YES;
				CLANG_WARN_SUSPICIOUS_MOVE = YES;
				CLANG_WARN_UNGUARDED_AVAILABILITY = YES_AGGRESSIVE;
				CLANG_WARN_UNREACHABLE_CODE = YES;
				CLANG_WARN__DUPLICATE_METHOD_MATCH = YES;
				CODE_SIGN_IDENTITY = "-";
				COPY_PHASE_STRIP = NO;
				DEBUG_INFORMATION_FORMAT = dwarf;
				ENABLE_STRICT_OBJC_MSGSEND = YES;
				ENABLE_TESTABILITY = YES;
				GCC_C_LANGUAGE_STANDARD = gnu11;
				GCC_DYNAMIC_NO_PIC = NO;
				GCC_NO_COMMON_BLOCKS = YES;
				GCC_OPTIMIZATION_LEVEL = 0;
				GCC_PREPROCESSOR_DEFINITIONS = (
					"DEBUG=1",
					"$(inherited)",
				);
				GCC_WARN_64_TO_32_BIT_CONVERSION = YES;
				GCC_WARN_ABOUT_RETURN_TYPE = YES_ERROR;
				GCC_WARN_UNDECLARED_SELECTOR = YES;
				GCC_WARN_UNINITIALIZED_AUTOS = YES_AGGRESSIVE;
				GCC_WARN_UNUSED_FUNCTION = YES;
				GCC_WARN_UNUSED_VARIABLE = YES;
				MACOSX_DEPLOYMENT_TARGET = 10.13;
				MTL_ENABLE_DEBUG_INFO = YES;
				ONLY_ACTIVE_ARCH = YES;
				SDKROOT = macosx;
				SWIFT_ACTIVE_COMPILATION_CONDITIONS = DEBUG;
				SWIFT_OPTIMIZATION_LEVEL = "-Onone";
			};
			name = Debug;
		};
		856A059B2133374200CEFCC5 /* Release */ = {
			isa = XCBuildConfiguration;
			buildSettings = {
				ALWAYS_SEARCH_USER_PATHS = NO;
				CLANG_ANALYZER_NONNULL = YES;
				CLANG_ANALYZER_NUMBER_OBJECT_CONVERSION = YES_AGGRESSIVE;
				CLANG_CXX_LANGUAGE_STANDARD = "gnu++14";
				CLANG_CXX_LIBRARY = "libc++";
				CLANG_ENABLE_MODULES = YES;
				CLANG_ENABLE_OBJC_ARC = YES;
				CLANG_ENABLE_OBJC_WEAK = YES;
				CLANG_WARN_BLOCK_CAPTURE_AUTORELEASING = YES;
				CLANG_WARN_BOOL_CONVERSION = YES;
				CLANG_WARN_COMMA = YES;
				CLANG_WARN_CONSTANT_CONVERSION = YES;
				CLANG_WARN_DEPRECATED_OBJC_IMPLEMENTATIONS = YES;
				CLANG_WARN_DIRECT_OBJC_ISA_USAGE = YES_ERROR;
				CLANG_WARN_DOCUMENTATION_COMMENTS = YES;
				CLANG_WARN_EMPTY_BODY = YES;
				CLANG_WARN_ENUM_CONVERSION = YES;
				CLANG_WARN_INFINITE_RECURSION = YES;
				CLANG_WARN_INT_CONVERSION = YES;
				CLANG_WARN_NON_LITERAL_NULL_CONVERSION = YES;
				CLANG_WARN_OBJC_IMPLICIT_RETAIN_SELF = YES;
				CLANG_WARN_OBJC_LITERAL_CONVERSION = YES;
				CLANG_WARN_OBJC_ROOT_CLASS = YES_ERROR;
				CLANG_WARN_RANGE_LOOP_ANALYSIS = YES;
				CLANG_WARN_STRICT_PROTOTYPES = YES;
				CLANG_WARN_SUSPICIOUS_MOVE = YES;
				CLANG_WARN_UNGUARDED_AVAILABILITY = YES_AGGRESSIVE;
				CLANG_WARN_UNREACHABLE_CODE = YES;
				CLANG_WARN__DUPLICATE_METHOD_MATCH = YES;
				CODE_SIGN_IDENTITY = "-";
				COPY_PHASE_STRIP = NO;
				DEBUG_INFORMATION_FORMAT = "dwarf-with-dsym";
				ENABLE_NS_ASSERTIONS = NO;
				ENABLE_STRICT_OBJC_MSGSEND = YES;
				GCC_C_LANGUAGE_STANDARD = gnu11;
				GCC_NO_COMMON_BLOCKS = YES;
				GCC_WARN_64_TO_32_BIT_CONVERSION = YES;
				GCC_WARN_ABOUT_RETURN_TYPE = YES_ERROR;
				GCC_WARN_UNDECLARED_SELECTOR = YES;
				GCC_WARN_UNINITIALIZED_AUTOS = YES_AGGRESSIVE;
				GCC_WARN_UNUSED_FUNCTION = YES;
				GCC_WARN_UNUSED_VARIABLE = YES;
				MACOSX_DEPLOYMENT_TARGET = 10.13;
				MTL_ENABLE_DEBUG_INFO = NO;
				SDKROOT = macosx;
				SWIFT_COMPILATION_MODE = wholemodule;
				SWIFT_OPTIMIZATION_LEVEL = "-O";
			};
			name = Release;
		};
		856A059D2133374200CEFCC5 /* Debug */ = {
			isa = XCBuildConfiguration;
			buildSettings = {
				ASSETCATALOG_COMPILER_APPICON_NAME = AppIcon;
				CODE_SIGN_ENTITLEMENTS = Scrobble/Scrobble.entitlements;
				CODE_SIGN_IDENTITY = "-";
				CODE_SIGN_STYLE = Automatic;
				COMBINE_HIDPI_IMAGES = YES;
				DEVELOPMENT_TEAM = "";
				FRAMEWORK_SEARCH_PATHS = "";
				INFOPLIST_FILE = Scrobble/Info.plist;
				LD_RUNPATH_SEARCH_PATHS = (
					"$(inherited)",
					"@executable_path/../Frameworks",
				);
				MACOSX_DEPLOYMENT_TARGET = 10.14;
				MARKETING_VERSION = 1.10;
				PRODUCT_BUNDLE_IDENTIFIER = io.github.nishanths.Scrobble;
				PRODUCT_NAME = "$(TARGET_NAME)";
				PROVISIONING_PROFILE_SPECIFIER = "";
				SWIFT_OBJC_BRIDGING_HEADER = "$(PROJECT_DIR)/$(PROJECT_NAME)/$(PROJECT_NAME)-Bridging-Header.h";
				SWIFT_VERSION = 5.0;
			};
			name = Debug;
		};
		856A059E2133374200CEFCC5 /* Release */ = {
			isa = XCBuildConfiguration;
			buildSettings = {
				ASSETCATALOG_COMPILER_APPICON_NAME = AppIcon;
				CODE_SIGN_ENTITLEMENTS = Scrobble/Scrobble.entitlements;
				CODE_SIGN_IDENTITY = "-";
				CODE_SIGN_STYLE = Automatic;
				COMBINE_HIDPI_IMAGES = YES;
				DEVELOPMENT_TEAM = "";
				FRAMEWORK_SEARCH_PATHS = "";
				INFOPLIST_FILE = Scrobble/Info.plist;
				LD_RUNPATH_SEARCH_PATHS = (
					"$(inherited)",
					"@executable_path/../Frameworks",
				);
				MACOSX_DEPLOYMENT_TARGET = 10.14;
				MARKETING_VERSION = 1.10;
				PRODUCT_BUNDLE_IDENTIFIER = io.github.nishanths.Scrobble;
				PRODUCT_NAME = "$(TARGET_NAME)";
				PROVISIONING_PROFILE_SPECIFIER = "";
				SWIFT_OBJC_BRIDGING_HEADER = "$(PROJECT_DIR)/$(PROJECT_NAME)/$(PROJECT_NAME)-Bridging-Header.h";
				SWIFT_VERSION = 5.0;
			};
			name = Release;
		};
		856A05A02133374200CEFCC5 /* Debug */ = {
			isa = XCBuildConfiguration;
			buildSettings = {
				ALWAYS_EMBED_SWIFT_STANDARD_LIBRARIES = YES;
				BUNDLE_LOADER = "$(TEST_HOST)";
				CODE_SIGN_STYLE = Automatic;
				COMBINE_HIDPI_IMAGES = YES;
				INFOPLIST_FILE = ScrobbleTests/Info.plist;
				LD_RUNPATH_SEARCH_PATHS = (
					"$(inherited)",
					"@executable_path/../Frameworks",
					"@loader_path/../Frameworks",
				);
				MACOSX_DEPLOYMENT_TARGET = 10.14;
				PRODUCT_BUNDLE_IDENTIFIER = io.github.nishanths.ScrobbleTests;
				PRODUCT_NAME = "$(TARGET_NAME)";
				SWIFT_VERSION = 5.0;
				TEST_HOST = "$(BUILT_PRODUCTS_DIR)/Scrobble.app/Contents/MacOS/Scrobble";
			};
			name = Debug;
		};
		856A05A12133374200CEFCC5 /* Release */ = {
			isa = XCBuildConfiguration;
			buildSettings = {
				ALWAYS_EMBED_SWIFT_STANDARD_LIBRARIES = YES;
				BUNDLE_LOADER = "$(TEST_HOST)";
				CODE_SIGN_STYLE = Automatic;
				COMBINE_HIDPI_IMAGES = YES;
				INFOPLIST_FILE = ScrobbleTests/Info.plist;
				LD_RUNPATH_SEARCH_PATHS = (
					"$(inherited)",
					"@executable_path/../Frameworks",
					"@loader_path/../Frameworks",
				);
				MACOSX_DEPLOYMENT_TARGET = 10.14;
				PRODUCT_BUNDLE_IDENTIFIER = io.github.nishanths.ScrobbleTests;
				PRODUCT_NAME = "$(TARGET_NAME)";
				SWIFT_VERSION = 5.0;
				TEST_HOST = "$(BUILT_PRODUCTS_DIR)/Scrobble.app/Contents/MacOS/Scrobble";
			};
			name = Release;
		};
		856A05A32133374200CEFCC5 /* Debug */ = {
			isa = XCBuildConfiguration;
			buildSettings = {
				ALWAYS_EMBED_SWIFT_STANDARD_LIBRARIES = YES;
				CODE_SIGN_STYLE = Automatic;
				COMBINE_HIDPI_IMAGES = YES;
				INFOPLIST_FILE = ScrobbleUITests/Info.plist;
				LD_RUNPATH_SEARCH_PATHS = (
					"$(inherited)",
					"@executable_path/../Frameworks",
					"@loader_path/../Frameworks",
				);
				MACOSX_DEPLOYMENT_TARGET = 10.14;
				PRODUCT_BUNDLE_IDENTIFIER = io.github.nishanths.ScrobbleUITests;
				PRODUCT_NAME = "$(TARGET_NAME)";
				SWIFT_VERSION = 5.0;
				TEST_TARGET_NAME = Scrobble;
			};
			name = Debug;
		};
		856A05A42133374200CEFCC5 /* Release */ = {
			isa = XCBuildConfiguration;
			buildSettings = {
				ALWAYS_EMBED_SWIFT_STANDARD_LIBRARIES = YES;
				CODE_SIGN_STYLE = Automatic;
				COMBINE_HIDPI_IMAGES = YES;
				INFOPLIST_FILE = ScrobbleUITests/Info.plist;
				LD_RUNPATH_SEARCH_PATHS = (
					"$(inherited)",
					"@executable_path/../Frameworks",
					"@loader_path/../Frameworks",
				);
				MACOSX_DEPLOYMENT_TARGET = 10.14;
				PRODUCT_BUNDLE_IDENTIFIER = io.github.nishanths.ScrobbleUITests;
				PRODUCT_NAME = "$(TARGET_NAME)";
				SWIFT_VERSION = 5.0;
				TEST_TARGET_NAME = Scrobble;
			};
			name = Release;
		};
/* End XCBuildConfiguration section */

/* Begin XCConfigurationList section */
		856A05712133373D00CEFCC5 /* Build configuration list for PBXProject "Scrobble" */ = {
			isa = XCConfigurationList;
			buildConfigurations = (
				856A059A2133374200CEFCC5 /* Debug */,
				856A059B2133374200CEFCC5 /* Release */,
			);
			defaultConfigurationIsVisible = 0;
			defaultConfigurationName = Release;
		};
		856A059C2133374200CEFCC5 /* Build configuration list for PBXNativeTarget "Scrobble" */ = {
			isa = XCConfigurationList;
			buildConfigurations = (
				856A059D2133374200CEFCC5 /* Debug */,
				856A059E2133374200CEFCC5 /* Release */,
			);
			defaultConfigurationIsVisible = 0;
			defaultConfigurationName = Release;
		};
		856A059F2133374200CEFCC5 /* Build configuration list for PBXNativeTarget "ScrobbleTests" */ = {
			isa = XCConfigurationList;
			buildConfigurations = (
				856A05A02133374200CEFCC5 /* Debug */,
				856A05A12133374200CEFCC5 /* Release */,
			);
			defaultConfigurationIsVisible = 0;
			defaultConfigurationName = Release;
		};
		856A05A22133374200CEFCC5 /* Build configuration list for PBXNativeTarget "ScrobbleUITests" */ = {
			isa = XCConfigurationList;
			buildConfigurations = (
				856A05A32133374200CEFCC5 /* Debug */,
				856A05A42133374200CEFCC5 /* Release */,
			);
			defaultConfigurationIsVisible = 0;
			defaultConfigurationName = Release;
		};
/* End XCConfigurationList section */
	};
	rootObject = 856A056E2133373D00CEFCC5 /* Project object */;
}
